
Microsoft Visual Studio Solution File, Format Version 12.00
# Visual Studio Version 16
VisualStudioVersion = 16.0.31019.35
MinimumVisualStudioVersion = 10.0.40219.1
Project("{FAE04EC0-301F-11D3-BF4B-00C04F79EFBC}") = "cod_policia", "cod_policia\cod_policia.csproj", "{913F8CB0-4FC2-44F7-B43E-BF03A1AA75CD}"
EndProject
Global
	GlobalSection(SolutionConfigurationPlatforms) = preSolution
		Debug|Any CPU = Debug|Any CPU
		Release|Any CPU = Release|Any CPU
	EndGlobalSection
	GlobalSection(ProjectConfigurationPlatforms) = postSolution
		{913F8CB0-4FC2-44F7-B43E-BF03A1AA75CD}.Debug|Any CPU.ActiveCfg = Debug|Any CPU
		{913F8CB0-4FC2-44F7-B43E-BF03A1AA75CD}.Debug|Any CPU.Build.0 = Debug|Any CPU
		{913F8CB0-4FC2-44F7-B43E-BF03A1AA75CD}.Release|Any CPU.ActiveCfg = Release|Any CPU
		{913F8CB0-4FC2-44F7-B43E-BF03A1AA75CD}.Release|Any CPU.Build.0 = Release|Any CPU
	EndGlobalSection
	GlobalSection(SolutionProperties) = preSolution
		HideSolutionNode = FALSE
	EndGlobalSection
	GlobalSection(ExtensibilityGlobals) = postSolution
		SolutionGuid = {1E6BFF9D-DECB-46CE-9832-A4EDEBEE47B8}
	EndGlobalSection
EndGlobal
